
Microsoft Visual Studio Solution File, Format Version 12.00
# Visual Studio 15
VisualStudioVersion = 15.0.27703.2026
MinimumVisualStudioVersion = 10.0.40219.1
Project("{FAE04EC0-301F-11D3-BF4B-00C04F79EFBC}") = "DotNetPatterns", "DotNetPatterns\DotNetPatterns.csproj", "{466C72A1-3B65-4030-A4E6-6E08C0060499}"
EndProject
Project("{FAE04EC0-301F-11D3-BF4B-00C04F79EFBC}") = "UnitTestPatterns", "UnitTestPatterns\UnitTestPatterns.csproj", "{37F6CB98-D3F0-409D-9A32-B485547E9BF7}"
EndProject
Global
	GlobalSection(SolutionConfigurationPlatforms) = preSolution
		Debug|Any CPU = Debug|Any CPU
		Release|Any CPU = Release|Any CPU
	EndGlobalSection
	GlobalSection(ProjectConfigurationPlatforms) = postSolution
		{466C72A1-3B65-4030-A4E6-6E08C0060499}.Debug|Any CPU.ActiveCfg = Debug|Any CPU
		{466C72A1-3B65-4030-A4E6-6E08C0060499}.Debug|Any CPU.Build.0 = Debug|Any CPU
		{466C72A1-3B65-4030-A4E6-6E08C0060499}.Release|Any CPU.ActiveCfg = Release|Any CPU
		{466C72A1-3B65-4030-A4E6-6E08C0060499}.Release|Any CPU.Build.0 = Release|Any CPU
		{37F6CB98-D3F0-409D-9A32-B485547E9BF7}.Debug|Any CPU.ActiveCfg = Debug|Any CPU
		{37F6CB98-D3F0-409D-9A32-B485547E9BF7}.Debug|Any CPU.Build.0 = Debug|Any CPU
		{37F6CB98-D3F0-409D-9A32-B485547E9BF7}.Release|Any CPU.ActiveCfg = Release|Any CPU
		{37F6CB98-D3F0-409D-9A32-B485547E9BF7}.Release|Any CPU.Build.0 = Release|Any CPU
	EndGlobalSection
	GlobalSection(SolutionProperties) = preSolution
		HideSolutionNode = FALSE
	EndGlobalSection
	GlobalSection(ExtensibilityGlobals) = postSolution
		SolutionGuid = {2DA74060-37C3-4B15-A068-486E230BE4E6}
	EndGlobalSection
EndGlobal
